
Microsoft Visual Studio Solution File, Format Version 12.00
# Visual Studio Version 17
VisualStudioVersion = 17.9.34728.123
MinimumVisualStudioVersion = 10.0.40219.1
Project("{FAE04EC0-301F-11D3-BF4B-00C04F79EFBC}") = "superMarket", "superMarket\superMarket.csproj", "{EB74948D-746B-4B1A-8BB9-4828F0EDCF45}"
EndProject
Global
	GlobalSection(SolutionConfigurationPlatforms) = preSolution
		Debug|Any CPU = Debug|Any CPU
		Release|Any CPU = Release|Any CPU
	EndGlobalSection
	GlobalSection(ProjectConfigurationPlatforms) = postSolution
		{EB74948D-746B-4B1A-8BB9-4828F0EDCF45}.Debug|Any CPU.ActiveCfg = Debug|Any CPU
		{EB74948D-746B-4B1A-8BB9-4828F0EDCF45}.Debug|Any CPU.Build.0 = Debug|Any CPU
		{EB74948D-746B-4B1A-8BB9-4828F0EDCF45}.Release|Any CPU.ActiveCfg = Release|Any CPU
		{EB74948D-746B-4B1A-8BB9-4828F0EDCF45}.Release|Any CPU.Build.0 = Release|Any CPU
	EndGlobalSection
	GlobalSection(SolutionProperties) = preSolution
		HideSolutionNode = FALSE
	EndGlobalSection
	GlobalSection(ExtensibilityGlobals) = postSolution
		SolutionGuid = {8AA4BDF1-512C-4776-B497-D84607E21422}
	EndGlobalSection
EndGlobal
